// !$*UTF8*$!
{
	archiveVersion = 1;
	classes = {
	};
	objectVersion = 46;
	objects = {

/* Begin PBXBuildFile section */
		163AE9701F0158A000E941A8 /* main.m in Sources */ = {isa = PBXBuildFile; fileRef = 163AE96F1F0158A000E941A8 /* main.m */; };
		163AE9731F0158A000E941A8 /* AppDelegate.m in Sources */ = {isa = PBXBuildFile; fileRef = 163AE9721F0158A000E941A8 /* AppDelegate.m */; };
		163AE9761F0158A000E941A8 /* ViewController.m in Sources */ = {isa = PBXBuildFile; fileRef = 163AE9751F0158A000E941A8 /* ViewController.m */; };
		163AE9791F0158A000E941A8 /* Main.storyboard in Resources */ = {isa = PBXBuildFile; fileRef = 163AE9771F0158A000E941A8 /* Main.storyboard */; };
		163AE97B1F0158A000E941A8 /* Assets.xcassets in Resources */ = {isa = PBXBuildFile; fileRef = 163AE97A1F0158A000E941A8 /* Assets.xcassets */; };
		163AE97E1F0158A000E941A8 /* LaunchScreen.storyboard in Resources */ = {isa = PBXBuildFile; fileRef = 163AE97C1F0158A000E941A8 /* LaunchScreen.storyboard */; };
		163AE9891F0158A100E941A8 /* LQGPlayerTests.m in Sources */ = {isa = PBXBuildFile; fileRef = 163AE9881F0158A100E941A8 /* LQGPlayerTests.m */; };
		163AE9941F0158A100E941A8 /* LQGPlayerUITests.m in Sources */ = {isa = PBXBuildFile; fileRef = 163AE9931F0158A100E941A8 /* LQGPlayerUITests.m */; };
/* End PBXBuildFile section */

/* Begin PBXContainerItemProxy section */
		163AE9851F0158A100E941A8 /* PBXContainerItemProxy */ = {
			isa = PBXContainerItemProxy;
			containerPortal = 163AE9631F0158A000E941A8 /* Project object */;
			proxyType = 1;
			remoteGlobalIDString = 163AE96A1F0158A000E941A8;
			remoteInfo = LQGPlayer;
		};
		163AE9901F0158A100E941A8 /* PBXContainerItemProxy */ = {
			isa = PBXContainerItemProxy;
			containerPortal = 163AE9631F0158A000E941A8 /* Project object */;
			proxyType = 1;
			remoteGlobalIDString = 163AE96A1F0158A000E941A8;
			remoteInfo = LQGPlayer;
		};
/* End PBXContainerItemProxy section */

/* Begin PBXFileReference section */
		163AE96B1F0158A000E941A8 /* LQGPlayer.app */ = {isa = PBXFileReference; explicitFileType = wrapper.application; includeInIndex = 0; path = LQGPlayer.app; sourceTree = BUILT_PRODUCTS_DIR; };
		163AE96F1F0158A000E941A8 /* main.m */ = {isa = PBXFileReference; lastKnownFileType = sourcecode.c.objc; path = main.m; sourceTree = "<group>"; };
		163AE9711F0158A000E941A8 /* AppDelegate.h */ = {isa = PBXFileReference; lastKnownFileType = sourcecode.c.h; path = AppDelegate.h; sourceTree = "<group>"; };
		163AE9721F0158A000E941A8 /* AppDelegate.m */ = {isa = PBXFileReference; lastKnownFileType = sourcecode.c.objc; path = AppDelegate.m; sourceTree = "<group>"; };
		163AE9741F0158A000E941A8 /* ViewController.h */ = {isa = PBXFileReference; lastKnownFileType = sourcecode.c.h; path = ViewController.h; sourceTree = "<group>"; };
		163AE9751F0158A000E941A8 /* ViewController.m */ = {isa = PBXFileReference; lastKnownFileType = sourcecode.c.objc; path = ViewController.m; sourceTree = "<group>"; };
		163AE9781F0158A000E941A8 /* Base */ = {isa = PBXFileReference; lastKnownFileType = file.storyboard; name = Base; path = Base.lproj/Main.storyboard; sourceTree = "<group>"; };
		163AE97A1F0158A000E941A8 /* Assets.xcassets */ = {isa = PBXFileReference; lastKnownFileType = folder.assetcatalog; path = Assets.xcassets; sourceTree = "<group>"; };
		163AE97D1F0158A000E941A8 /* Base */ = {isa = PBXFileReference; lastKnownFileType = file.storyboard; name = Base; path = Base.lproj/LaunchScreen.storyboard; sourceTree = "<group>"; };
		163AE97F1F0158A000E941A8 /* Info.plist */ = {isa = PBXFileReference; lastKnownFileType = text.plist.xml; path = Info.plist; sourceTree = "<group>"; };
		163AE9841F0158A100E941A8 /* LQGPlayerTests.xctest */ = {isa = PBXFileReference; explicitFileType = wrapper.cfbundle; includeInIndex = 0; path = LQGPlayerTests.xctest; sourceTree = BUILT_PRODUCTS_DIR; };
		163AE9881F0158A100E941A8 /* LQGPlayerTests.m */ = {isa = PBXFileReference; lastKnownFileType = sourcecode.c.objc; path = LQGPlayerTests.m; sourceTree = "<group>"; };
		163AE98A1F0158A100E941A8 /* Info.plist */ = {isa = PBXFileReference; lastKnownFileType = text.plist.xml; path = Info.plist; sourceTree = "<group>"; };
		163AE98F1F0158A100E941A8 /* LQGPlayerUITests.xctest */ = {isa = PBXFileReference; explicitFileType = wrapper.cfbundle; includeInIndex = 0; path = LQGPlayerUITests.xctest; sourceTree = BUILT_PRODUCTS_DIR; };
		163AE9931F0158A100E941A8 /* LQGPlayerUITests.m */ = {isa = PBXFileReference; lastKnownFileType = sourcecode.c.objc; path = LQGPlayerUITests.m; sourceTree = "<group>"; };
		163AE9951F0158A100E941A8 /* Info.plist */ = {isa = PBXFileReference; lastKnownFileType = text.plist.xml; path = Info.plist; sourceTree = "<group>"; };
/* End PBXFileReference section */

/* Begin PBXFrameworksBuildPhase section */
		163AE9681F0158A000E941A8 /* Frameworks */ = {
			isa = PBXFrameworksBuildPhase;
			buildActionMask = 2147483647;
			files = (
			);
			runOnlyForDeploymentPostprocessing = 0;
		};
		163AE9811F0158A100E941A8 /* Frameworks */ = {
			isa = PBXFrameworksBuildPhase;
			buildActionMask = 2147483647;
			files = (
			);
			runOnlyForDeploymentPostprocessing = 0;
		};
		163AE98C1F0158A100E941A8 /* Frameworks */ = {
			isa = PBXFrameworksBuildPhase;
			buildActionMask = 2147483647;
			files = (
			);
			runOnlyForDeploymentPostprocessing = 0;
		};
/* End PBXFrameworksBuildPhase section */

/* Begin PBXGroup section */
		163AE9621F0158A000E941A8 = {
			isa = PBXGroup;
			children = (
				163AE96D1F0158A000E941A8 /* LQGPlayer */,
				163AE9871F0158A100E941A8 /* LQGPlayerTests */,
				163AE9921F0158A100E941A8 /* LQGPlayerUITests */,
				163AE96C1F0158A000E941A8 /* Products */,
			);
			sourceTree = "<group>";
		};
		163AE96C1F0158A000E941A8 /* Products */ = {
			isa = PBXGroup;
			children = (
				163AE96B1F0158A000E941A8 /* LQGPlayer.app */,
				163AE9841F0158A100E941A8 /* LQGPlayerTests.xctest */,
				163AE98F1F0158A100E941A8 /* LQGPlayerUITests.xctest */,
			);
			name = Products;
			sourceTree = "<group>";
		};
		163AE96D1F0158A000E941A8 /* LQGPlayer */ = {
			isa = PBXGroup;
			children = (
				163AE9711F0158A000E941A8 /* AppDelegate.h */,
				163AE9721F0158A000E941A8 /* AppDelegate.m */,
				163AE9741F0158A000E941A8 /* ViewController.h */,
				163AE9751F0158A000E941A8 /* ViewController.m */,
				163AE9771F0158A000E941A8 /* Main.storyboard */,
				163AE97A1F0158A000E941A8 /* Assets.xcassets */,
				163AE97C1F0158A000E941A8 /* LaunchScreen.storyboard */,
				163AE97F1F0158A000E941A8 /* Info.plist */,
				163AE96E1F0158A000E941A8 /* Supporting Files */,
			);
			path = LQGPlayer;
			sourceTree = "<group>";
		};
		163AE96E1F0158A000E941A8 /* Supporting Files */ = {
			isa = PBXGroup;
			children = (
				163AE96F1F0158A000E941A8 /* main.m */,
			);
			name = "Supporting Files";
			sourceTree = "<group>";
		};
		163AE9871F0158A100E941A8 /* LQGPlayerTests */ = {
			isa = PBXGroup;
			children = (
				163AE9881F0158A100E941A8 /* LQGPlayerTests.m */,
				163AE98A1F0158A100E941A8 /* Info.plist */,
			);
			path = LQGPlayerTests;
			sourceTree = "<group>";
		};
		163AE9921F0158A100E941A8 /* LQGPlayerUITests */ = {
			isa = PBXGroup;
			children = (
				163AE9931F0158A100E941A8 /* LQGPlayerUITests.m */,
				163AE9951F0158A100E941A8 /* Info.plist */,
			);
			path = LQGPlayerUITests;
			sourceTree = "<group>";
		};
/* End PBXGroup section */

/* Begin PBXNativeTarget section */
		163AE96A1F0158A000E941A8 /* LQGPlayer */ = {
			isa = PBXNativeTarget;
			buildConfigurationList = 163AE9981F0158A100E941A8 /* Build configuration list for PBXNativeTarget "LQGPlayer" */;
			buildPhases = (
				163AE9671F0158A000E941A8 /* Sources */,
				163AE9681F0158A000E941A8 /* Frameworks */,
				163AE9691F0158A000E941A8 /* Resources */,
			);
			buildRules = (
			);
			dependencies = (
			);
			name = LQGPlayer;
			productName = LQGPlayer;
			productReference = 163AE96B1F0158A000E941A8 /* LQGPlayer.app */;
			productType = "com.apple.product-type.application";
		};
		163AE9831F0158A100E941A8 /* LQGPlayerTests */ = {
			isa = PBXNativeTarget;
			buildConfigurationList = 163AE99B1F0158A100E941A8 /* Build configuration list for PBXNativeTarget "LQGPlayerTests" */;
			buildPhases = (
				163AE9801F0158A100E941A8 /* Sources */,
				163AE9811F0158A100E941A8 /* Frameworks */,
				163AE9821F0158A100E941A8 /* Resources */,
			);
			buildRules = (
			);
			dependencies = (
				163AE9861F0158A100E941A8 /* PBXTargetDependency */,
			);
			name = LQGPlayerTests;
			productName = LQGPlayerTests;
			productReference = 163AE9841F0158A100E941A8 /* LQGPlayerTests.xctest */;
			productType = "com.apple.product-type.bundle.unit-test";
		};
		163AE98E1F0158A100E941A8 /* LQGPlayerUITests */ = {
			isa = PBXNativeTarget;
			buildConfigurationList = 163AE99E1F0158A100E941A8 /* Build configuration list for PBXNativeTarget "LQGPlayerUITests" */;
			buildPhases = (
				163AE98B1F0158A100E941A8 /* Sources */,
				163AE98C1F0158A100E941A8 /* Frameworks */,
				163AE98D1F0158A100E941A8 /* Resources */,
			);
			buildRules = (
			);
			dependencies = (
				163AE9911F0158A100E941A8 /* PBXTargetDependency */,
			);
			name = LQGPlayerUITests;
			productName = LQGPlayerUITests;
			productReference = 163AE98F1F0158A100E941A8 /* LQGPlayerUITests.xctest */;
			productType = "com.apple.product-type.bundle.ui-testing";
		};
/* End PBXNativeTarget section */

/* Begin PBXProject section */
		163AE9631F0158A000E941A8 /* Project object */ = {
			isa = PBXProject;
			attributes = {
				LastUpgradeCheck = 0830;
				ORGANIZATIONNAME = liquangang;
				TargetAttributes = {
					163AE96A1F0158A000E941A8 = {
						CreatedOnToolsVersion = 8.3.3;
						ProvisioningStyle = Automatic;
					};
					163AE9831F0158A100E941A8 = {
						CreatedOnToolsVersion = 8.3.3;
						ProvisioningStyle = Automatic;
						TestTargetID = 163AE96A1F0158A000E941A8;
					};
					163AE98E1F0158A100E941A8 = {
						CreatedOnToolsVersion = 8.3.3;
						ProvisioningStyle = Automatic;
						TestTargetID = 163AE96A1F0158A000E941A8;
					};
				};
			};
			buildConfigurationList = 163AE9661F0158A000E941A8 /* Build configuration list for PBXProject "LQGPlayer" */;
			compatibilityVersion = "Xcode 3.2";
			developmentRegion = English;
			hasScannedForEncodings = 0;
			knownRegions = (
				en,
				Base,
			);
			mainGroup = 163AE9621F0158A000E941A8;
			productRefGroup = 163AE96C1F0158A000E941A8 /* Products */;
			projectDirPath = "";
			projectRoot = "";
			targets = (
				163AE96A1F0158A000E941A8 /* LQGPlayer */,
				163AE9831F0158A100E941A8 /* LQGPlayerTests */,
				163AE98E1F0158A100E941A8 /* LQGPlayerUITests */,
			);
		};
/* End PBXProject section */

/* Begin PBXResourcesBuildPhase section */
		163AE9691F0158A000E941A8 /* Resources */ = {
			isa = PBXResourcesBuildPhase;
			buildActionMask = 2147483647;
			files = (
				163AE97E1F0158A000E941A8 /* LaunchScreen.storyboard in Resources */,
				163AE97B1F0158A000E941A8 /* Assets.xcassets in Resources */,
				163AE9791F0158A000E941A8 /* Main.storyboard in Resources */,
			);
			runOnlyForDeploymentPostprocessing = 0;
		};
		163AE9821F0158A100E941A8 /* Resources */ = {
			isa = PBXResourcesBuildPhase;
			buildActionMask = 2147483647;
			files = (
			);
			runOnlyForDeploymentPostprocessing = 0;
		};
		163AE98D1F0158A100E941A8 /* Resources */ = {
			isa = PBXResourcesBuildPhase;
			buildActionMask = 2147483647;
			files = (
			);
			runOnlyForDeploymentPostprocessing = 0;
		};
/* End PBXResourcesBuildPhase section */

/* Begin PBXSourcesBuildPhase section */
		163AE9671F0158A000E941A8 /* Sources */ = {
			isa = PBXSourcesBuildPhase;
			buildActionMask = 2147483647;
			files = (
				163AE9761F0158A000E941A8 /* ViewController.m in Sources */,
				163AE9731F0158A000E941A8 /* AppDelegate.m in Sources */,
				163AE9701F0158A000E941A8 /* main.m in Sources */,
			);
			runOnlyForDeploymentPostprocessing = 0;
		};
		163AE9801F0158A100E941A8 /* Sources */ = {
			isa = PBXSourcesBuildPhase;
			buildActionMask = 2147483647;
			files = (
				163AE9891F0158A100E941A8 /* LQGPlayerTests.m in Sources */,
			);
			runOnlyForDeploymentPostprocessing = 0;
		};
		163AE98B1F0158A100E941A8 /* Sources */ = {
			isa = PBXSourcesBuildPhase;
			buildActionMask = 2147483647;
			files = (
				163AE9941F0158A100E941A8 /* LQGPlayerUITests.m in Sources */,
			);
			runOnlyForDeploymentPostprocessing = 0;
		};
/* End PBXSourcesBuildPhase section */

/* Begin PBXTargetDependency section */
		163AE9861F0158A100E941A8 /* PBXTargetDependency */ = {
			isa = PBXTargetDependency;
			target = 163AE96A1F0158A000E941A8 /* LQGPlayer */;
			targetProxy = 163AE9851F0158A100E941A8 /* PBXContainerItemProxy */;
		};
		163AE9911F0158A100E941A8 /* PBXTargetDependency */ = {
			isa = PBXTargetDependency;
			target = 163AE96A1F0158A000E941A8 /* LQGPlayer */;
			targetProxy = 163AE9901F0158A100E941A8 /* PBXContainerItemProxy */;
		};
/* End PBXTargetDependency section */

/* Begin PBXVariantGroup section */
		163AE9771F0158A000E941A8 /* Main.storyboard */ = {
			isa = PBXVariantGroup;
			children = (
				163AE9781F0158A000E941A8 /* Base */,
			);
			name = Main.storyboard;
			sourceTree = "<group>";
		};
		163AE97C1F0158A000E941A8 /* LaunchScreen.storyboard */ = {
			isa = PBXVariantGroup;
			children = (
				163AE97D1F0158A000E941A8 /* Base */,
			);
			name = LaunchScreen.storyboard;
			sourceTree = "<group>";
		};
/* End PBXVariantGroup section */

/* Begin XCBuildConfiguration section */
		163AE9961F0158A100E941A8 /* Debug */ = {
			isa = XCBuildConfiguration;
			buildSettings = {
				ALWAYS_SEARCH_USER_PATHS = NO;
				CLANG_ANALYZER_NONNULL = YES;
				CLANG_ANALYZER_NUMBER_OBJECT_CONVERSION = YES_AGGRESSIVE;
				CLANG_CXX_LANGUAGE_STANDARD = "gnu++0x";
				CLANG_CXX_LIBRARY = "libc++";
				CLANG_ENABLE_MODULES = YES;
				CLANG_ENABLE_OBJC_ARC = YES;
				CLANG_WARN_BOOL_CONVERSION = YES;
				CLANG_WARN_CONSTANT_CONVERSION = YES;
				CLANG_WARN_DIRECT_OBJC_ISA_USAGE = YES_ERROR;
				CLANG_WARN_DOCUMENTATION_COMMENTS = YES;
				CLANG_WARN_EMPTY_BODY = YES;
				CLANG_WARN_ENUM_CONVERSION = YES;
				CLANG_WARN_INFINITE_RECURSION = YES;
				CLANG_WARN_INT_CONVERSION = YES;
				CLANG_WARN_OBJC_ROOT_CLASS = YES_ERROR;
				CLANG_WARN_SUSPICIOUS_MOVE = YES;
				CLANG_WARN_UNREACHABLE_CODE = YES;
				CLANG_WARN__DUPLICATE_METHOD_MATCH = YES;
				"CODE_SIGN_IDENTITY[sdk=iphoneos*]" = "iPhone Developer";
				COPY_PHASE_STRIP = NO;
				DEBUG_INFORMATION_FORMAT = dwarf;
				ENABLE_STRICT_OBJC_MSGSEND = YES;
				ENABLE_TESTABILITY = YES;
				GCC_C_LANGUAGE_STANDARD = gnu99;
				GCC_DYNAMIC_NO_PIC = NO;
				GCC_NO_COMMON_BLOCKS = YES;
				GCC_OPTIMIZATION_LEVEL = 0;
				GCC_PREPROCESSOR_DEFINITIONS = (
					"DEBUG=1",
					"$(inherited)",
				);
				GCC_WARN_64_TO_32_BIT_CONVERSION = YES;
				GCC_WARN_ABOUT_RETURN_TYPE = YES_ERROR;
				GCC_WARN_UNDECLARED_SELECTOR = YES;
				GCC_WARN_UNINITIALIZED_AUTOS = YES_AGGRESSIVE;
				GCC_WARN_UNUSED_FUNCTION = YES;
				GCC_WARN_UNUSED_VARIABLE = YES;
				IPHONEOS_DEPLOYMENT_TARGET = 10.3;
				MTL_ENABLE_DEBUG_INFO = YES;
				ONLY_ACTIVE_ARCH = YES;
				SDKROOT = iphoneos;
				TARGETED_DEVICE_FAMILY = "1,2";
			};
			name = Debug;
		};
		163AE9971F0158A100E941A8 /* Release */ = {
			isa = XCBuildConfiguration;
			buildSettings = {
				ALWAYS_SEARCH_USER_PATHS = NO;
				CLANG_ANALYZER_NONNULL = YES;
				CLANG_ANALYZER_NUMBER_OBJECT_CONVERSION = YES_AGGRESSIVE;
				CLANG_CXX_LANGUAGE_STANDARD = "gnu++0x";
				CLANG_CXX_LIBRARY = "libc++";
				CLANG_ENABLE_MODULES = YES;
				CLANG_ENABLE_OBJC_ARC = YES;
				CLANG_WARN_BOOL_CONVERSION = YES;
				CLANG_WARN_CONSTANT_CONVERSION = YES;
				CLANG_WARN_DIRECT_OBJC_ISA_USAGE = YES_ERROR;
				CLANG_WARN_DOCUMENTATION_COMMENTS = YES;
				CLANG_WARN_EMPTY_BODY = YES;
				CLANG_WARN_ENUM_CONVERSION = YES;
				CLANG_WARN_INFINITE_RECURSION = YES;
				CLANG_WARN_INT_CONVERSION = YES;
				CLANG_WARN_OBJC_ROOT_CLASS = YES_ERROR;
				CLANG_WARN_SUSPICIOUS_MOVE = YES;
				CLANG_WARN_UNREACHABLE_CODE = YES;
				CLANG_WARN__DUPLICATE_METHOD_MATCH = YES;
				"CODE_SIGN_IDENTITY[sdk=iphoneos*]" = "iPhone Developer";
				COPY_PHASE_STRIP = NO;
				DEBUG_INFORMATION_FORMAT = "dwarf-with-dsym";
				ENABLE_NS_ASSERTIONS = NO;
				ENABLE_STRICT_OBJC_MSGSEND = YES;
				GCC_C_LANGUAGE_STANDARD = gnu99;
				GCC_NO_COMMON_BLOCKS = YES;
				GCC_WARN_64_TO_32_BIT_CONVERSION = YES;
				GCC_WARN_ABOUT_RETURN_TYPE = YES_ERROR;
				GCC_WARN_UNDECLARED_SELECTOR = YES;
				GCC_WARN_UNINITIALIZED_AUTOS = YES_AGGRESSIVE;
				GCC_WARN_UNUSED_FUNCTION = YES;
				GCC_WARN_UNUSED_VARIABLE = YES;
				IPHONEOS_DEPLOYMENT_TARGET = 10.3;
				MTL_ENABLE_DEBUG_INFO = NO;
				SDKROOT = iphoneos;
				TARGETED_DEVICE_FAMILY = "1,2";
				VALIDATE_PRODUCT = YES;
			};
			name = Release;
		};
		163AE9991F0158A100E941A8 /* Debug */ = {
			isa = XCBuildConfiguration;
			buildSettings = {
				ASSETCATALOG_COMPILER_APPICON_NAME = AppIcon;
				INFOPLIST_FILE = LQGPlayer/Info.plist;
				LD_RUNPATH_SEARCH_PATHS = "$(inherited) @executable_path/Frameworks";
				PRODUCT_BUNDLE_IDENTIFIER = com.liquangang.LQGPlayer;
				PRODUCT_NAME = "$(TARGET_NAME)";
			};
			name = Debug;
		};
		163AE99A1F0158A100E941A8 /* Release */ = {
			isa = XCBuildConfiguration;
			buildSettings = {
				ASSETCATALOG_COMPILER_APPICON_NAME = AppIcon;
				INFOPLIST_FILE = LQGPlayer/Info.plist;
				LD_RUNPATH_SEARCH_PATHS = "$(inherited) @executable_path/Frameworks";
				PRODUCT_BUNDLE_IDENTIFIER = com.liquangang.LQGPlayer;
				PRODUCT_NAME = "$(TARGET_NAME)";
			};
			name = Release;
		};
		163AE99C1F0158A100E941A8 /* Debug */ = {
			isa = XCBuildConfiguration;
			buildSettings = {
				BUNDLE_LOADER = "$(TEST_HOST)";
				INFOPLIST_FILE = LQGPlayerTests/Info.plist;
				LD_RUNPATH_SEARCH_PATHS = "$(inherited) @executable_path/Frameworks @loader_path/Frameworks";
				PRODUCT_BUNDLE_IDENTIFIER = com.liquangang.LQGPlayerTests;
				PRODUCT_NAME = "$(TARGET_NAME)";
				TEST_HOST = "$(BUILT_PRODUCTS_DIR)/LQGPlayer.app/LQGPlayer";
			};
			name = Debug;
		};
		163AE99D1F0158A100E941A8 /* Release */ = {
			isa = XCBuildConfiguration;
			buildSettings = {
				BUNDLE_LOADER = "$(TEST_HOST)";
				INFOPLIST_FILE = LQGPlayerTests/Info.plist;
				LD_RUNPATH_SEARCH_PATHS = "$(inherited) @executable_path/Frameworks @loader_path/Frameworks";
				PRODUCT_BUNDLE_IDENTIFIER = com.liquangang.LQGPlayerTests;
				PRODUCT_NAME = "$(TARGET_NAME)";
				TEST_HOST = "$(BUILT_PRODUCTS_DIR)/LQGPlayer.app/LQGPlayer";
			};
			name = Release;
		};
		163AE99F1F0158A100E941A8 /* Debug */ = {
			isa = XCBuildConfiguration;
			buildSettings = {
				INFOPLIST_FILE = LQGPlayerUITests/Info.plist;
				LD_RUNPATH_SEARCH_PATHS = "$(inherited) @executable_path/Frameworks @loader_path/Frameworks";
				PRODUCT_BUNDLE_IDENTIFIER = com.liquangang.LQGPlayerUITests;
				PRODUCT_NAME = "$(TARGET_NAME)";
				TEST_TARGET_NAME = LQGPlayer;
			};
			name = Debug;
		};
		163AE9A01F0158A100E941A8 /* Release */ = {
			isa = XCBuildConfiguration;
			buildSettings = {
				INFOPLIST_FILE = LQGPlayerUITests/Info.plist;
				LD_RUNPATH_SEARCH_PATHS = "$(inherited) @executable_path/Frameworks @loader_path/Frameworks";
				PRODUCT_BUNDLE_IDENTIFIER = com.liquangang.LQGPlayerUITests;
				PRODUCT_NAME = "$(TARGET_NAME)";
				TEST_TARGET_NAME = LQGPlayer;
			};
			name = Release;
		};
/* End XCBuildConfiguration section */

/* Begin XCConfigurationList section */
		163AE9661F0158A000E941A8 /* Build configuration list for PBXProject "LQGPlayer" */ = {
			isa = XCConfigurationList;
			buildConfigurations = (
				163AE9961F0158A100E941A8 /* Debug */,
				163AE9971F0158A100E941A8 /* Release */,
			);
			defaultConfigurationIsVisible = 0;
			defaultConfigurationName = Release;
		};
		163AE9981F0158A100E941A8 /* Build configuration list for PBXNativeTarget "LQGPlayer" */ = {
			isa = XCConfigurationList;
			buildConfigurations = (
				163AE9991F0158A100E941A8 /* Debug */,
				163AE99A1F0158A100E941A8 /* Release */,
			);
			defaultConfigurationIsVisible = 0;
		};
		163AE99B1F0158A100E941A8 /* Build configuration list for PBXNativeTarget "LQGPlayerTests" */ = {
			isa = XCConfigurationList;
			buildConfigurations = (
				163AE99C1F0158A100E941A8 /* Debug */,
				163AE99D1F0158A100E941A8 /* Release */,
			);
			defaultConfigurationIsVisible = 0;
		};
		163AE99E1F0158A100E941A8 /* Build configuration list for PBXNativeTarget "LQGPlayerUITests" */ = {
			isa = XCConfigurationList;
			buildConfigurations = (
				163AE99F1F0158A100E941A8 /* Debug */,
				163AE9A01F0158A100E941A8 /* Release */,
			);
			defaultConfigurationIsVisible = 0;
		};
/* End XCConfigurationList section */
	};
	rootObject = 163AE9631F0158A000E941A8 /* Project object */;
}
